
Microsoft Visual Studio Solution File, Format Version 12.00
# Visual Studio Version 17
VisualStudioVersion = 17.3.32929.385
MinimumVisualStudioVersion = 10.0.40219.1
Project("{8BC9CEB8-8B4A-11D0-8D11-00A0C91BC942}") = "Doubly class", "Doubly class.vcxproj", "{46021A00-EDBB-4953-9F7E-EEB6E6C18306}"
EndProject
Global
	GlobalSection(SolutionConfigurationPlatforms) = preSolution
		Debug|x64 = Debug|x64
		Debug|x86 = Debug|x86
		Release|x64 = Release|x64
		Release|x86 = Release|x86
	EndGlobalSection
	GlobalSection(ProjectConfigurationPlatforms) = postSolution
		{46021A00-EDBB-4953-9F7E-EEB6E6C18306}.Debug|x64.ActiveCfg = Debug|x64
		{46021A00-EDBB-4953-9F7E-EEB6E6C18306}.Debug|x64.Build.0 = Debug|x64
		{46021A00-EDBB-4953-9F7E-EEB6E6C18306}.Debug|x86.ActiveCfg = Debug|Win32
		{46021A00-EDBB-4953-9F7E-EEB6E6C18306}.Debug|x86.Build.0 = Debug|Win32
		{46021A00-EDBB-4953-9F7E-EEB6E6C18306}.Release|x64.ActiveCfg = Release|x64
		{46021A00-EDBB-4953-9F7E-EEB6E6C18306}.Release|x64.Build.0 = Release|x64
		{46021A00-EDBB-4953-9F7E-EEB6E6C18306}.Release|x86.ActiveCfg = Release|Win32
		{46021A00-EDBB-4953-9F7E-EEB6E6C18306}.Release|x86.Build.0 = Release|Win32
	EndGlobalSection
	GlobalSection(SolutionProperties) = preSolution
		HideSolutionNode = FALSE
	EndGlobalSection
	GlobalSection(ExtensibilityGlobals) = postSolution
		SolutionGuid = {FE532289-880E-4371-82C5-3259BC541972}
	EndGlobalSection
EndGlobal
